
Microsoft Visual Studio Solution File, Format Version 12.00
# Visual Studio 2013
Project("{FAE04EC0-301F-11D3-BF4B-00C04F79EFBC}") = "IFix.Core", "IFix.Core.csproj", "{ECFB8D71-5866-42E8-A1A4-F38D0D4E203D}"
EndProject
Project("{FAE04EC0-301F-11D3-BF4B-00C04F79EFBC}") = "IFix", "IFix.csproj", "{F54E867C-E185-870D-8A72-6D107688030F}"
EndProject
Project("{FAE04EC0-301F-11D3-BF4B-00C04F79EFBC}") = "IFix.TestDLL", "IFix.TestDLL.csproj", "{7F74F7B1-6BD7-8656-145D-BF0C009F52D9}"
EndProject
Project("{FAE04EC0-301F-11D3-BF4B-00C04F79EFBC}") = "IFix.UnitTest", "IFix.UnitTest.csproj", "{A39BA97A-0F5C-25B1-D896-6E2E44166A8D}"
	ProjectSection(ProjectDependencies) = postProject
		{ECFB8D71-5866-42E8-A1A4-F38D0D4E203D} = {ECFB8D71-5866-42E8-A1A4-F38D0D4E203D}
		{7F74F7B1-6BD7-8656-145D-BF0C009F52D9} = {7F74F7B1-6BD7-8656-145D-BF0C009F52D9}
		{F54E867C-E185-870D-8A72-6D107688030F} = {F54E867C-E185-870D-8A72-6D107688030F}
	EndProjectSection
EndProject
Project("{FAE04EC0-301F-11D3-BF4B-00C04F79EFBC}") = "IFix.PerfTest", "IFix.PerfTest.csproj", "{1067953C-7C27-1173-4562-5AF0B1E1554F}"
EndProject
Global
	GlobalSection(SolutionConfigurationPlatforms) = preSolution
		Debug|Any CPU = Debug|Any CPU
		Release|Any CPU = Release|Any CPU
	EndGlobalSection
	GlobalSection(ProjectConfigurationPlatforms) = postSolution
		{ECFB8D71-5866-42E8-A1A4-F38D0D4E203D}.Debug|Any CPU.ActiveCfg = Debug|Any CPU
		{ECFB8D71-5866-42E8-A1A4-F38D0D4E203D}.Debug|Any CPU.Build.0 = Debug|Any CPU
		{ECFB8D71-5866-42E8-A1A4-F38D0D4E203D}.Release|Any CPU.ActiveCfg = Release|Any CPU
		{ECFB8D71-5866-42E8-A1A4-F38D0D4E203D}.Release|Any CPU.Build.0 = Release|Any CPU
		{F54E867C-E185-870D-8A72-6D107688030F}.Debug|Any CPU.ActiveCfg = Debug|Any CPU
		{F54E867C-E185-870D-8A72-6D107688030F}.Debug|Any CPU.Build.0 = Debug|Any CPU
		{F54E867C-E185-870D-8A72-6D107688030F}.Release|Any CPU.ActiveCfg = Release|Any CPU
		{F54E867C-E185-870D-8A72-6D107688030F}.Release|Any CPU.Build.0 = Release|Any CPU
		{7F74F7B1-6BD7-8656-145D-BF0C009F52D9}.Debug|Any CPU.ActiveCfg = Debug|Any CPU
		{7F74F7B1-6BD7-8656-145D-BF0C009F52D9}.Debug|Any CPU.Build.0 = Debug|Any CPU
		{7F74F7B1-6BD7-8656-145D-BF0C009F52D9}.Release|Any CPU.ActiveCfg = Release|Any CPU
		{7F74F7B1-6BD7-8656-145D-BF0C009F52D9}.Release|Any CPU.Build.0 = Release|Any CPU
		{A39BA97A-0F5C-25B1-D896-6E2E44166A8D}.Debug|Any CPU.ActiveCfg = Debug|Any CPU
		{A39BA97A-0F5C-25B1-D896-6E2E44166A8D}.Debug|Any CPU.Build.0 = Debug|Any CPU
		{A39BA97A-0F5C-25B1-D896-6E2E44166A8D}.Release|Any CPU.ActiveCfg = Release|Any CPU
		{A39BA97A-0F5C-25B1-D896-6E2E44166A8D}.Release|Any CPU.Build.0 = Release|Any CPU
		{1067953C-7C27-1173-4562-5AF0B1E1554F}.Debug|Any CPU.ActiveCfg = Debug|Any CPU
		{1067953C-7C27-1173-4562-5AF0B1E1554F}.Debug|Any CPU.Build.0 = Debug|Any CPU
		{1067953C-7C27-1173-4562-5AF0B1E1554F}.Release|Any CPU.ActiveCfg = Release|Any CPU
		{1067953C-7C27-1173-4562-5AF0B1E1554F}.Release|Any CPU.Build.0 = Release|Any CPU
	EndGlobalSection
	GlobalSection(SolutionProperties) = preSolution
		HideSolutionNode = FALSE
	EndGlobalSection
EndGlobal
